github.com/pkg/errors v0.8.1 h1:iURUrRGxPUNPdy5/HRSm+Yj6okJ6UtLINN0Q9M4+h3I=
github.com/pkg/errors v0.8.1/go.mod h1:bwawxfHBFNV+L2hUp1rHADufV3IMtnDRdf1r5NINEl0=
github.com/urfave/cli v1.20.0 h1:fDqGv3UG/4jbVl/QkFwEdddtEDjh/5Ov6X+0B/3bPaw=
github.com/urfave/cli v1.20.0/go.mod h1:70zkFmudgCuE/ngEzBv17Jvp/497gISqfk5gWijbERA=
github.com/zahfox/gourd v0.0.0-20190801053904-d990918a0c98 h1:0srqQxXqYF6otDqcx/LksID+fGHA/lJgz8aNpw8+c+o=
github.com/zahfox/gourd v0.0.0-20190801053904-d990918a0c98/go.mod h1:wY6+GP9iEGCqr/UNDGtQ5aW+hOQiBNJz8doTrGQO9zc=
